
Microsoft Visual Studio Solution File, Format Version 12.00
# Visual Studio 14
VisualStudioVersion = 14.0.25420.1
MinimumVisualStudioVersion = 10.0.40219.1
Project("{FAE04EC0-301F-11D3-BF4B-00C04F79EFBC}") = "WinAlphaBot", "WinAlphaBot\WinAlphaBot.csproj", "{C3AB3806-081A-4A9B-B6EA-DACA0184BD36}"
EndProject
Project("{FAE04EC0-301F-11D3-BF4B-00C04F79EFBC}") = "WinAlphaBotHeadless", "WinAlphaBotHeadless\WinAlphaBotHeadless.csproj", "{9AA996FE-6123-4AF7-8954-ECCDAC818DF5}"
EndProject
Project("{FAE04EC0-301F-11D3-BF4B-00C04F79EFBC}") = "InfraredLib", "InfraredLib\InfraredLib.csproj", "{EFC9734D-0079-4A65-B92E-1F35AF535010}"
EndProject
Project("{FAE04EC0-301F-11D3-BF4B-00C04F79EFBC}") = "MotorControlLib", "MotorControlLib\MotorControlLib.csproj", "{9520F904-3ED0-456C-B3F0-654AEC27CC37}"
EndProject
Project("{FAE04EC0-301F-11D3-BF4B-00C04F79EFBC}") = "Tools", "Tools\Tools.csproj", "{938C61AB-EA9D-4F97-9AAE-3EEA9D6F3FF2}"
EndProject
Global
	GlobalSection(SolutionConfigurationPlatforms) = preSolution
		Debug|ARM = Debug|ARM
		Debug|x64 = Debug|x64
		Debug|x86 = Debug|x86
		Release|ARM = Release|ARM
		Release|x64 = Release|x64
		Release|x86 = Release|x86
	EndGlobalSection
	GlobalSection(ProjectConfigurationPlatforms) = postSolution
		{C3AB3806-081A-4A9B-B6EA-DACA0184BD36}.Debug|ARM.ActiveCfg = Debug|ARM
		{C3AB3806-081A-4A9B-B6EA-DACA0184BD36}.Debug|ARM.Build.0 = Debug|ARM
		{C3AB3806-081A-4A9B-B6EA-DACA0184BD36}.Debug|ARM.Deploy.0 = Debug|ARM
		{C3AB3806-081A-4A9B-B6EA-DACA0184BD36}.Debug|x64.ActiveCfg = Debug|x64
		{C3AB3806-081A-4A9B-B6EA-DACA0184BD36}.Debug|x64.Build.0 = Debug|x64
		{C3AB3806-081A-4A9B-B6EA-DACA0184BD36}.Debug|x64.Deploy.0 = Debug|x64
		{C3AB3806-081A-4A9B-B6EA-DACA0184BD36}.Debug|x86.ActiveCfg = Debug|x86
		{C3AB3806-081A-4A9B-B6EA-DACA0184BD36}.Debug|x86.Build.0 = Debug|x86
		{C3AB3806-081A-4A9B-B6EA-DACA0184BD36}.Debug|x86.Deploy.0 = Debug|x86
		{C3AB3806-081A-4A9B-B6EA-DACA0184BD36}.Release|ARM.ActiveCfg = Release|ARM
		{C3AB3806-081A-4A9B-B6EA-DACA0184BD36}.Release|ARM.Build.0 = Release|ARM
		{C3AB3806-081A-4A9B-B6EA-DACA0184BD36}.Release|ARM.Deploy.0 = Release|ARM
		{C3AB3806-081A-4A9B-B6EA-DACA0184BD36}.Release|x64.ActiveCfg = Release|x64
		{C3AB3806-081A-4A9B-B6EA-DACA0184BD36}.Release|x64.Build.0 = Release|x64
		{C3AB3806-081A-4A9B-B6EA-DACA0184BD36}.Release|x64.Deploy.0 = Release|x64
		{C3AB3806-081A-4A9B-B6EA-DACA0184BD36}.Release|x86.ActiveCfg = Release|x86
		{C3AB3806-081A-4A9B-B6EA-DACA0184BD36}.Release|x86.Build.0 = Release|x86
		{C3AB3806-081A-4A9B-B6EA-DACA0184BD36}.Release|x86.Deploy.0 = Release|x86
		{9AA996FE-6123-4AF7-8954-ECCDAC818DF5}.Debug|ARM.ActiveCfg = Debug|ARM
		{9AA996FE-6123-4AF7-8954-ECCDAC818DF5}.Debug|ARM.Build.0 = Debug|ARM
		{9AA996FE-6123-4AF7-8954-ECCDAC818DF5}.Debug|ARM.Deploy.0 = Debug|ARM
		{9AA996FE-6123-4AF7-8954-ECCDAC818DF5}.Debug|x64.ActiveCfg = Debug|x64
		{9AA996FE-6123-4AF7-8954-ECCDAC818DF5}.Debug|x64.Build.0 = Debug|x64
		{9AA996FE-6123-4AF7-8954-ECCDAC818DF5}.Debug|x64.Deploy.0 = Debug|x64
		{9AA996FE-6123-4AF7-8954-ECCDAC818DF5}.Debug|x86.ActiveCfg = Debug|x86
		{9AA996FE-6123-4AF7-8954-ECCDAC818DF5}.Debug|x86.Build.0 = Debug|x86
		{9AA996FE-6123-4AF7-8954-ECCDAC818DF5}.Debug|x86.Deploy.0 = Debug|x86
		{9AA996FE-6123-4AF7-8954-ECCDAC818DF5}.Release|ARM.ActiveCfg = Release|ARM
		{9AA996FE-6123-4AF7-8954-ECCDAC818DF5}.Release|ARM.Build.0 = Release|ARM
		{9AA996FE-6123-4AF7-8954-ECCDAC818DF5}.Release|ARM.Deploy.0 = Release|ARM
		{9AA996FE-6123-4AF7-8954-ECCDAC818DF5}.Release|x64.ActiveCfg = Release|x64
		{9AA996FE-6123-4AF7-8954-ECCDAC818DF5}.Release|x64.Build.0 = Release|x64
		{9AA996FE-6123-4AF7-8954-ECCDAC818DF5}.Release|x64.Deploy.0 = Release|x64
		{9AA996FE-6123-4AF7-8954-ECCDAC818DF5}.Release|x86.ActiveCfg = Release|x86
		{9AA996FE-6123-4AF7-8954-ECCDAC818DF5}.Release|x86.Build.0 = Release|x86
		{9AA996FE-6123-4AF7-8954-ECCDAC818DF5}.Release|x86.Deploy.0 = Release|x86
		{EFC9734D-0079-4A65-B92E-1F35AF535010}.Debug|ARM.ActiveCfg = Debug|ARM
		{EFC9734D-0079-4A65-B92E-1F35AF535010}.Debug|ARM.Build.0 = Debug|ARM
		{EFC9734D-0079-4A65-B92E-1F35AF535010}.Debug|x64.ActiveCfg = Debug|x64
		{EFC9734D-0079-4A65-B92E-1F35AF535010}.Debug|x64.Build.0 = Debug|x64
		{EFC9734D-0079-4A65-B92E-1F35AF535010}.Debug|x86.ActiveCfg = Debug|x86
		{EFC9734D-0079-4A65-B92E-1F35AF535010}.Debug|x86.Build.0 = Debug|x86
		{EFC9734D-0079-4A65-B92E-1F35AF535010}.Release|ARM.ActiveCfg = Release|ARM
		{EFC9734D-0079-4A65-B92E-1F35AF535010}.Release|ARM.Build.0 = Release|ARM
		{EFC9734D-0079-4A65-B92E-1F35AF535010}.Release|x64.ActiveCfg = Release|x64
		{EFC9734D-0079-4A65-B92E-1F35AF535010}.Release|x64.Build.0 = Release|x64
		{EFC9734D-0079-4A65-B92E-1F35AF535010}.Release|x86.ActiveCfg = Release|x86
		{EFC9734D-0079-4A65-B92E-1F35AF535010}.Release|x86.Build.0 = Release|x86
		{9520F904-3ED0-456C-B3F0-654AEC27CC37}.Debug|ARM.ActiveCfg = Debug|ARM
		{9520F904-3ED0-456C-B3F0-654AEC27CC37}.Debug|ARM.Build.0 = Debug|ARM
		{9520F904-3ED0-456C-B3F0-654AEC27CC37}.Debug|x64.ActiveCfg = Debug|x64
		{9520F904-3ED0-456C-B3F0-654AEC27CC37}.Debug|x64.Build.0 = Debug|x64
		{9520F904-3ED0-456C-B3F0-654AEC27CC37}.Debug|x86.ActiveCfg = Debug|x86
		{9520F904-3ED0-456C-B3F0-654AEC27CC37}.Debug|x86.Build.0 = Debug|x86
		{9520F904-3ED0-456C-B3F0-654AEC27CC37}.Release|ARM.ActiveCfg = Release|ARM
		{9520F904-3ED0-456C-B3F0-654AEC27CC37}.Release|ARM.Build.0 = Release|ARM
		{9520F904-3ED0-456C-B3F0-654AEC27CC37}.Release|x64.ActiveCfg = Release|x64
		{9520F904-3ED0-456C-B3F0-654AEC27CC37}.Release|x64.Build.0 = Release|x64
		{9520F904-3ED0-456C-B3F0-654AEC27CC37}.Release|x86.ActiveCfg = Release|x86
		{9520F904-3ED0-456C-B3F0-654AEC27CC37}.Release|x86.Build.0 = Release|x86
		{938C61AB-EA9D-4F97-9AAE-3EEA9D6F3FF2}.Debug|ARM.ActiveCfg = Debug|ARM
		{938C61AB-EA9D-4F97-9AAE-3EEA9D6F3FF2}.Debug|ARM.Build.0 = Debug|ARM
		{938C61AB-EA9D-4F97-9AAE-3EEA9D6F3FF2}.Debug|ARM.Deploy.0 = Debug|ARM
		{938C61AB-EA9D-4F97-9AAE-3EEA9D6F3FF2}.Debug|x64.ActiveCfg = Debug|x64
		{938C61AB-EA9D-4F97-9AAE-3EEA9D6F3FF2}.Debug|x64.Build.0 = Debug|x64
		{938C61AB-EA9D-4F97-9AAE-3EEA9D6F3FF2}.Debug|x64.Deploy.0 = Debug|x64
		{938C61AB-EA9D-4F97-9AAE-3EEA9D6F3FF2}.Debug|x86.ActiveCfg = Debug|x86
		{938C61AB-EA9D-4F97-9AAE-3EEA9D6F3FF2}.Debug|x86.Build.0 = Debug|x86
		{938C61AB-EA9D-4F97-9AAE-3EEA9D6F3FF2}.Debug|x86.Deploy.0 = Debug|x86
		{938C61AB-EA9D-4F97-9AAE-3EEA9D6F3FF2}.Release|ARM.ActiveCfg = Release|ARM
		{938C61AB-EA9D-4F97-9AAE-3EEA9D6F3FF2}.Release|ARM.Build.0 = Release|ARM
		{938C61AB-EA9D-4F97-9AAE-3EEA9D6F3FF2}.Release|ARM.Deploy.0 = Release|ARM
		{938C61AB-EA9D-4F97-9AAE-3EEA9D6F3FF2}.Release|x64.ActiveCfg = Release|x64
		{938C61AB-EA9D-4F97-9AAE-3EEA9D6F3FF2}.Release|x64.Build.0 = Release|x64
		{938C61AB-EA9D-4F97-9AAE-3EEA9D6F3FF2}.Release|x64.Deploy.0 = Release|x64
		{938C61AB-EA9D-4F97-9AAE-3EEA9D6F3FF2}.Release|x86.ActiveCfg = Release|x86
		{938C61AB-EA9D-4F97-9AAE-3EEA9D6F3FF2}.Release|x86.Build.0 = Release|x86
		{938C61AB-EA9D-4F97-9AAE-3EEA9D6F3FF2}.Release|x86.Deploy.0 = Release|x86
	EndGlobalSection
	GlobalSection(SolutionProperties) = preSolution
		HideSolutionNode = FALSE
	EndGlobalSection
EndGlobal
